
Microsoft Visual Studio Solution File, Format Version 12.00
# Visual Studio 15
VisualStudioVersion = 15.0.27428.1
MinimumVisualStudioVersion = 10.0.40219.1
Project("{FAE04EC0-301F-11D3-BF4B-00C04F79EFBC}") = "LineBot001", "LineBot001\LineBot001.csproj", "{731D8888-84C3-486B-B505-07D1994935DF}"
EndProject
Global
	GlobalSection(SolutionConfigurationPlatforms) = preSolution
		Debug|Any CPU = Debug|Any CPU
		Release|Any CPU = Release|Any CPU
	EndGlobalSection
	GlobalSection(ProjectConfigurationPlatforms) = postSolution
		{731D8888-84C3-486B-B505-07D1994935DF}.Debug|Any CPU.ActiveCfg = Debug|Any CPU
		{731D8888-84C3-486B-B505-07D1994935DF}.Debug|Any CPU.Build.0 = Debug|Any CPU
		{731D8888-84C3-486B-B505-07D1994935DF}.Release|Any CPU.ActiveCfg = Release|Any CPU
		{731D8888-84C3-486B-B505-07D1994935DF}.Release|Any CPU.Build.0 = Release|Any CPU
	EndGlobalSection
	GlobalSection(SolutionProperties) = preSolution
		HideSolutionNode = FALSE
	EndGlobalSection
	GlobalSection(ExtensibilityGlobals) = postSolution
		SolutionGuid = {5DE45C0E-28C0-4A15-9068-3D8613BFFCC2}
	EndGlobalSection
EndGlobal
